
Microsoft Visual Studio Solution File, Format Version 12.00
# Visual Studio Version 16
VisualStudioVersion = 16.0.29613.14
MinimumVisualStudioVersion = 10.0.40219.1
Project("{FAE04EC0-301F-11D3-BF4B-00C04F79EFBC}") = "Core", "Core\Core.csproj", "{559A9549-9C18-4221-B30E-042E34222804}"
EndProject
Project("{FAE04EC0-301F-11D3-BF4B-00C04F79EFBC}") = "UI", "UI\UI.csproj", "{A41F6C93-0123-4757-9EAF-987EFAF9B603}"
EndProject
Project("{2150E333-8FDC-42A3-9474-1A3956D46DE8}") = "Infrastructure", "Infrastructure", "{8593F769-DAEF-41EF-BA28-5A1E021190AB}"
EndProject
Project("{FAE04EC0-301F-11D3-BF4B-00C04F79EFBC}") = "Auth", "auth\Auth.csproj", "{35E3777B-7688-4EA6-9303-FCB4A4C1CC6F}"
EndProject
Global
	GlobalSection(SolutionConfigurationPlatforms) = preSolution
		Debug|Any CPU = Debug|Any CPU
		Release|Any CPU = Release|Any CPU
	EndGlobalSection
	GlobalSection(ProjectConfigurationPlatforms) = postSolution
		{559A9549-9C18-4221-B30E-042E34222804}.Debug|Any CPU.ActiveCfg = Debug|Any CPU
		{559A9549-9C18-4221-B30E-042E34222804}.Debug|Any CPU.Build.0 = Debug|Any CPU
		{559A9549-9C18-4221-B30E-042E34222804}.Release|Any CPU.ActiveCfg = Release|Any CPU
		{559A9549-9C18-4221-B30E-042E34222804}.Release|Any CPU.Build.0 = Release|Any CPU
		{A41F6C93-0123-4757-9EAF-987EFAF9B603}.Debug|Any CPU.ActiveCfg = Debug|Any CPU
		{A41F6C93-0123-4757-9EAF-987EFAF9B603}.Debug|Any CPU.Build.0 = Debug|Any CPU
		{A41F6C93-0123-4757-9EAF-987EFAF9B603}.Release|Any CPU.ActiveCfg = Release|Any CPU
		{A41F6C93-0123-4757-9EAF-987EFAF9B603}.Release|Any CPU.Build.0 = Release|Any CPU
		{35E3777B-7688-4EA6-9303-FCB4A4C1CC6F}.Debug|Any CPU.ActiveCfg = Debug|Any CPU
		{35E3777B-7688-4EA6-9303-FCB4A4C1CC6F}.Debug|Any CPU.Build.0 = Debug|Any CPU
		{35E3777B-7688-4EA6-9303-FCB4A4C1CC6F}.Release|Any CPU.ActiveCfg = Release|Any CPU
		{35E3777B-7688-4EA6-9303-FCB4A4C1CC6F}.Release|Any CPU.Build.0 = Release|Any CPU
	EndGlobalSection
	GlobalSection(SolutionProperties) = preSolution
		HideSolutionNode = FALSE
	EndGlobalSection
	GlobalSection(NestedProjects) = preSolution
		{35E3777B-7688-4EA6-9303-FCB4A4C1CC6F} = {8593F769-DAEF-41EF-BA28-5A1E021190AB}
	EndGlobalSection
	GlobalSection(ExtensibilityGlobals) = postSolution
		SolutionGuid = {005180BD-6DB7-457B-A1F9-A6242195B185}
	EndGlobalSection
EndGlobal
